
Microsoft Visual Studio Solution File, Format Version 12.00
# Visual Studio Version 16
VisualStudioVersion = 16.0.29709.97
MinimumVisualStudioVersion = 10.0.40219.1
Project("{FAE04EC0-301F-11D3-BF4B-00C04F79EFBC}") = "FolderShepherdService", "FolderShepherdService\FolderShepherdService.csproj", "{E07CAE4A-5FDF-4047-A3C1-6CE7F122D737}"
EndProject
Project("{FAE04EC0-301F-11D3-BF4B-00C04F79EFBC}") = "FileShepherdTester", "FileShepherdTester\FileShepherdTester.csproj", "{3577A3B6-3D9E-488C-A00A-5DD11C385C6B}"
EndProject
Project("{FAE04EC0-301F-11D3-BF4B-00C04F79EFBC}") = "FileManager", "FileManager\FileManager.csproj", "{7255717B-4435-4DFD-A6D7-C9025866B896}"
EndProject
Project("{FAE04EC0-301F-11D3-BF4B-00C04F79EFBC}") = "FileFolderShepherd", "..\..\..\source\repos\FileFolderShepherd\FileFolderShepherd\FileFolderShepherd.csproj", "{5B292ADF-A1D2-49CC-8A1E-4B70E3C0D23A}"
EndProject
Project("{C7167F0D-BC9F-4E6E-AFE1-012C56B48DB5}") = "FolderShepherdUWP", "FolderShepherdUWP\FolderShepherdUWP.wapproj", "{EE58C87D-0F2F-4A13-904D-CAE4D2BDC9B0}"
EndProject
Global
	GlobalSection(SolutionConfigurationPlatforms) = preSolution
		Debug|Any CPU = Debug|Any CPU
		Debug|ARM = Debug|ARM
		Debug|ARM64 = Debug|ARM64
		Debug|x64 = Debug|x64
		Debug|x86 = Debug|x86
		Release|Any CPU = Release|Any CPU
		Release|ARM = Release|ARM
		Release|ARM64 = Release|ARM64
		Release|x64 = Release|x64
		Release|x86 = Release|x86
	EndGlobalSection
	GlobalSection(ProjectConfigurationPlatforms) = postSolution
		{E07CAE4A-5FDF-4047-A3C1-6CE7F122D737}.Debug|Any CPU.ActiveCfg = Debug|Any CPU
		{E07CAE4A-5FDF-4047-A3C1-6CE7F122D737}.Debug|Any CPU.Build.0 = Debug|Any CPU
		{E07CAE4A-5FDF-4047-A3C1-6CE7F122D737}.Debug|ARM.ActiveCfg = Debug|Any CPU
		{E07CAE4A-5FDF-4047-A3C1-6CE7F122D737}.Debug|ARM.Build.0 = Debug|Any CPU
		{E07CAE4A-5FDF-4047-A3C1-6CE7F122D737}.Debug|ARM64.ActiveCfg = Debug|Any CPU
		{E07CAE4A-5FDF-4047-A3C1-6CE7F122D737}.Debug|ARM64.Build.0 = Debug|Any CPU
		{E07CAE4A-5FDF-4047-A3C1-6CE7F122D737}.Debug|x64.ActiveCfg = Debug|Any CPU
		{E07CAE4A-5FDF-4047-A3C1-6CE7F122D737}.Debug|x64.Build.0 = Debug|Any CPU
		{E07CAE4A-5FDF-4047-A3C1-6CE7F122D737}.Debug|x86.ActiveCfg = Debug|Any CPU
		{E07CAE4A-5FDF-4047-A3C1-6CE7F122D737}.Debug|x86.Build.0 = Debug|Any CPU
		{E07CAE4A-5FDF-4047-A3C1-6CE7F122D737}.Release|Any CPU.ActiveCfg = Release|Any CPU
		{E07CAE4A-5FDF-4047-A3C1-6CE7F122D737}.Release|Any CPU.Build.0 = Release|Any CPU
		{E07CAE4A-5FDF-4047-A3C1-6CE7F122D737}.Release|ARM.ActiveCfg = Release|Any CPU
		{E07CAE4A-5FDF-4047-A3C1-6CE7F122D737}.Release|ARM.Build.0 = Release|Any CPU
		{E07CAE4A-5FDF-4047-A3C1-6CE7F122D737}.Release|ARM64.ActiveCfg = Release|Any CPU
		{E07CAE4A-5FDF-4047-A3C1-6CE7F122D737}.Release|ARM64.Build.0 = Release|Any CPU
		{E07CAE4A-5FDF-4047-A3C1-6CE7F122D737}.Release|x64.ActiveCfg = Release|Any CPU
		{E07CAE4A-5FDF-4047-A3C1-6CE7F122D737}.Release|x64.Build.0 = Release|Any CPU
		{E07CAE4A-5FDF-4047-A3C1-6CE7F122D737}.Release|x86.ActiveCfg = Release|Any CPU
		{E07CAE4A-5FDF-4047-A3C1-6CE7F122D737}.Release|x86.Build.0 = Release|Any CPU
		{3577A3B6-3D9E-488C-A00A-5DD11C385C6B}.Debug|Any CPU.ActiveCfg = Debug|Any CPU
		{3577A3B6-3D9E-488C-A00A-5DD11C385C6B}.Debug|Any CPU.Build.0 = Debug|Any CPU
		{3577A3B6-3D9E-488C-A00A-5DD11C385C6B}.Debug|ARM.ActiveCfg = Debug|Any CPU
		{3577A3B6-3D9E-488C-A00A-5DD11C385C6B}.Debug|ARM.Build.0 = Debug|Any CPU
		{3577A3B6-3D9E-488C-A00A-5DD11C385C6B}.Debug|ARM64.ActiveCfg = Debug|Any CPU
		{3577A3B6-3D9E-488C-A00A-5DD11C385C6B}.Debug|ARM64.Build.0 = Debug|Any CPU
		{3577A3B6-3D9E-488C-A00A-5DD11C385C6B}.Debug|x64.ActiveCfg = Debug|Any CPU
		{3577A3B6-3D9E-488C-A00A-5DD11C385C6B}.Debug|x64.Build.0 = Debug|Any CPU
		{3577A3B6-3D9E-488C-A00A-5DD11C385C6B}.Debug|x86.ActiveCfg = Debug|Any CPU
		{3577A3B6-3D9E-488C-A00A-5DD11C385C6B}.Debug|x86.Build.0 = Debug|Any CPU
		{3577A3B6-3D9E-488C-A00A-5DD11C385C6B}.Release|Any CPU.ActiveCfg = Release|Any CPU
		{3577A3B6-3D9E-488C-A00A-5DD11C385C6B}.Release|Any CPU.Build.0 = Release|Any CPU
		{3577A3B6-3D9E-488C-A00A-5DD11C385C6B}.Release|ARM.ActiveCfg = Release|Any CPU
		{3577A3B6-3D9E-488C-A00A-5DD11C385C6B}.Release|ARM.Build.0 = Release|Any CPU
		{3577A3B6-3D9E-488C-A00A-5DD11C385C6B}.Release|ARM64.ActiveCfg = Release|Any CPU
		{3577A3B6-3D9E-488C-A00A-5DD11C385C6B}.Release|ARM64.Build.0 = Release|Any CPU
		{3577A3B6-3D9E-488C-A00A-5DD11C385C6B}.Release|x64.ActiveCfg = Release|Any CPU
		{3577A3B6-3D9E-488C-A00A-5DD11C385C6B}.Release|x64.Build.0 = Release|Any CPU
		{3577A3B6-3D9E-488C-A00A-5DD11C385C6B}.Release|x86.ActiveCfg = Release|Any CPU
		{3577A3B6-3D9E-488C-A00A-5DD11C385C6B}.Release|x86.Build.0 = Release|Any CPU
		{7255717B-4435-4DFD-A6D7-C9025866B896}.Debug|Any CPU.ActiveCfg = Debug|Any CPU
		{7255717B-4435-4DFD-A6D7-C9025866B896}.Debug|Any CPU.Build.0 = Debug|Any CPU
		{7255717B-4435-4DFD-A6D7-C9025866B896}.Debug|ARM.ActiveCfg = Debug|Any CPU
		{7255717B-4435-4DFD-A6D7-C9025866B896}.Debug|ARM.Build.0 = Debug|Any CPU
		{7255717B-4435-4DFD-A6D7-C9025866B896}.Debug|ARM64.ActiveCfg = Debug|Any CPU
		{7255717B-4435-4DFD-A6D7-C9025866B896}.Debug|ARM64.Build.0 = Debug|Any CPU
		{7255717B-4435-4DFD-A6D7-C9025866B896}.Debug|x64.ActiveCfg = Debug|Any CPU
		{7255717B-4435-4DFD-A6D7-C9025866B896}.Debug|x64.Build.0 = Debug|Any CPU
		{7255717B-4435-4DFD-A6D7-C9025866B896}.Debug|x86.ActiveCfg = Debug|Any CPU
		{7255717B-4435-4DFD-A6D7-C9025866B896}.Debug|x86.Build.0 = Debug|Any CPU
		{7255717B-4435-4DFD-A6D7-C9025866B896}.Release|Any CPU.ActiveCfg = Release|Any CPU
		{7255717B-4435-4DFD-A6D7-C9025866B896}.Release|Any CPU.Build.0 = Release|Any CPU
		{7255717B-4435-4DFD-A6D7-C9025866B896}.Release|ARM.ActiveCfg = Release|Any CPU
		{7255717B-4435-4DFD-A6D7-C9025866B896}.Release|ARM.Build.0 = Release|Any CPU
		{7255717B-4435-4DFD-A6D7-C9025866B896}.Release|ARM64.ActiveCfg = Release|Any CPU
		{7255717B-4435-4DFD-A6D7-C9025866B896}.Release|ARM64.Build.0 = Release|Any CPU
		{7255717B-4435-4DFD-A6D7-C9025866B896}.Release|x64.ActiveCfg = Release|Any CPU
		{7255717B-4435-4DFD-A6D7-C9025866B896}.Release|x64.Build.0 = Release|Any CPU
		{7255717B-4435-4DFD-A6D7-C9025866B896}.Release|x86.ActiveCfg = Release|Any CPU
		{7255717B-4435-4DFD-A6D7-C9025866B896}.Release|x86.Build.0 = Release|Any CPU
		{5B292ADF-A1D2-49CC-8A1E-4B70E3C0D23A}.Debug|Any CPU.ActiveCfg = Debug|Any CPU
		{5B292ADF-A1D2-49CC-8A1E-4B70E3C0D23A}.Debug|Any CPU.Build.0 = Debug|Any CPU
		{5B292ADF-A1D2-49CC-8A1E-4B70E3C0D23A}.Debug|ARM.ActiveCfg = Debug|Any CPU
		{5B292ADF-A1D2-49CC-8A1E-4B70E3C0D23A}.Debug|ARM.Build.0 = Debug|Any CPU
		{5B292ADF-A1D2-49CC-8A1E-4B70E3C0D23A}.Debug|ARM64.ActiveCfg = Debug|Any CPU
		{5B292ADF-A1D2-49CC-8A1E-4B70E3C0D23A}.Debug|ARM64.Build.0 = Debug|Any CPU
		{5B292ADF-A1D2-49CC-8A1E-4B70E3C0D23A}.Debug|x64.ActiveCfg = Debug|Any CPU
		{5B292ADF-A1D2-49CC-8A1E-4B70E3C0D23A}.Debug|x64.Build.0 = Debug|Any CPU
		{5B292ADF-A1D2-49CC-8A1E-4B70E3C0D23A}.Debug|x86.ActiveCfg = Debug|Any CPU
		{5B292ADF-A1D2-49CC-8A1E-4B70E3C0D23A}.Debug|x86.Build.0 = Debug|Any CPU
		{5B292ADF-A1D2-49CC-8A1E-4B70E3C0D23A}.Release|Any CPU.ActiveCfg = Release|Any CPU
		{5B292ADF-A1D2-49CC-8A1E-4B70E3C0D23A}.Release|Any CPU.Build.0 = Release|Any CPU
		{5B292ADF-A1D2-49CC-8A1E-4B70E3C0D23A}.Release|ARM.ActiveCfg = Release|Any CPU
		{5B292ADF-A1D2-49CC-8A1E-4B70E3C0D23A}.Release|ARM.Build.0 = Release|Any CPU
		{5B292ADF-A1D2-49CC-8A1E-4B70E3C0D23A}.Release|ARM64.ActiveCfg = Release|Any CPU
		{5B292ADF-A1D2-49CC-8A1E-4B70E3C0D23A}.Release|ARM64.Build.0 = Release|Any CPU
		{5B292ADF-A1D2-49CC-8A1E-4B70E3C0D23A}.Release|x64.ActiveCfg = Release|Any CPU
		{5B292ADF-A1D2-49CC-8A1E-4B70E3C0D23A}.Release|x64.Build.0 = Release|Any CPU
		{5B292ADF-A1D2-49CC-8A1E-4B70E3C0D23A}.Release|x86.ActiveCfg = Release|Any CPU
		{5B292ADF-A1D2-49CC-8A1E-4B70E3C0D23A}.Release|x86.Build.0 = Release|Any CPU
		{EE58C87D-0F2F-4A13-904D-CAE4D2BDC9B0}.Debug|Any CPU.ActiveCfg = Debug|Any CPU
		{EE58C87D-0F2F-4A13-904D-CAE4D2BDC9B0}.Debug|Any CPU.Build.0 = Debug|Any CPU
		{EE58C87D-0F2F-4A13-904D-CAE4D2BDC9B0}.Debug|Any CPU.Deploy.0 = Debug|Any CPU
		{EE58C87D-0F2F-4A13-904D-CAE4D2BDC9B0}.Debug|ARM.ActiveCfg = Debug|ARM
		{EE58C87D-0F2F-4A13-904D-CAE4D2BDC9B0}.Debug|ARM.Build.0 = Debug|ARM
		{EE58C87D-0F2F-4A13-904D-CAE4D2BDC9B0}.Debug|ARM.Deploy.0 = Debug|ARM
		{EE58C87D-0F2F-4A13-904D-CAE4D2BDC9B0}.Debug|ARM64.ActiveCfg = Debug|ARM64
		{EE58C87D-0F2F-4A13-904D-CAE4D2BDC9B0}.Debug|ARM64.Build.0 = Debug|ARM64
		{EE58C87D-0F2F-4A13-904D-CAE4D2BDC9B0}.Debug|ARM64.Deploy.0 = Debug|ARM64
		{EE58C87D-0F2F-4A13-904D-CAE4D2BDC9B0}.Debug|x64.ActiveCfg = Debug|x64
		{EE58C87D-0F2F-4A13-904D-CAE4D2BDC9B0}.Debug|x64.Build.0 = Debug|x64
		{EE58C87D-0F2F-4A13-904D-CAE4D2BDC9B0}.Debug|x64.Deploy.0 = Debug|x64
		{EE58C87D-0F2F-4A13-904D-CAE4D2BDC9B0}.Debug|x86.ActiveCfg = Debug|x86
		{EE58C87D-0F2F-4A13-904D-CAE4D2BDC9B0}.Debug|x86.Build.0 = Debug|x86
		{EE58C87D-0F2F-4A13-904D-CAE4D2BDC9B0}.Debug|x86.Deploy.0 = Debug|x86
		{EE58C87D-0F2F-4A13-904D-CAE4D2BDC9B0}.Release|Any CPU.ActiveCfg = Release|Any CPU
		{EE58C87D-0F2F-4A13-904D-CAE4D2BDC9B0}.Release|Any CPU.Build.0 = Release|Any CPU
		{EE58C87D-0F2F-4A13-904D-CAE4D2BDC9B0}.Release|Any CPU.Deploy.0 = Release|Any CPU
		{EE58C87D-0F2F-4A13-904D-CAE4D2BDC9B0}.Release|ARM.ActiveCfg = Release|ARM
		{EE58C87D-0F2F-4A13-904D-CAE4D2BDC9B0}.Release|ARM.Build.0 = Release|ARM
		{EE58C87D-0F2F-4A13-904D-CAE4D2BDC9B0}.Release|ARM.Deploy.0 = Release|ARM
		{EE58C87D-0F2F-4A13-904D-CAE4D2BDC9B0}.Release|ARM64.ActiveCfg = Release|ARM64
		{EE58C87D-0F2F-4A13-904D-CAE4D2BDC9B0}.Release|ARM64.Build.0 = Release|ARM64
		{EE58C87D-0F2F-4A13-904D-CAE4D2BDC9B0}.Release|ARM64.Deploy.0 = Release|ARM64
		{EE58C87D-0F2F-4A13-904D-CAE4D2BDC9B0}.Release|x64.ActiveCfg = Release|x64
		{EE58C87D-0F2F-4A13-904D-CAE4D2BDC9B0}.Release|x64.Build.0 = Release|x64
		{EE58C87D-0F2F-4A13-904D-CAE4D2BDC9B0}.Release|x64.Deploy.0 = Release|x64
		{EE58C87D-0F2F-4A13-904D-CAE4D2BDC9B0}.Release|x86.ActiveCfg = Release|x86
		{EE58C87D-0F2F-4A13-904D-CAE4D2BDC9B0}.Release|x86.Build.0 = Release|x86
		{EE58C87D-0F2F-4A13-904D-CAE4D2BDC9B0}.Release|x86.Deploy.0 = Release|x86
	EndGlobalSection
	GlobalSection(SolutionProperties) = preSolution
		HideSolutionNode = FALSE
	EndGlobalSection
	GlobalSection(ExtensibilityGlobals) = postSolution
		SolutionGuid = {C52AB665-D353-496F-93E7-8F32077D7D59}
	EndGlobalSection
EndGlobal
